// !$*UTF8*$!
{
	archiveVersion = 1;
	classes = {
	};
	objectVersion = 56;
	objects = {

/* Begin PBXBuildFile section */
		591153C52BA99DFF009C4A48 /* AppDelegate.swift in Sources */ = {isa = PBXBuildFile; fileRef = 591153C42BA99DFF009C4A48 /* AppDelegate.swift */; };
		591153C72BA99DFF009C4A48 /* SceneDelegate.swift in Sources */ = {isa = PBXBuildFile; fileRef = 591153C62BA99DFF009C4A48 /* SceneDelegate.swift */; };
		591153C92BA99DFF009C4A48 /* HomeView.swift in Sources */ = {isa = PBXBuildFile; fileRef = 591153C82BA99DFF009C4A48 /* HomeView.swift */; };
		591153CC2BA99DFF009C4A48 /* Base in Resources */ = {isa = PBXBuildFile; fileRef = 591153CB2BA99DFF009C4A48 /* Base */; };
		591153CE2BA99E00009C4A48 /* Assets.xcassets in Resources */ = {isa = PBXBuildFile; fileRef = 591153CD2BA99E00009C4A48 /* Assets.xcassets */; };
		591153D12BA99E00009C4A48 /* Base in Resources */ = {isa = PBXBuildFile; fileRef = 591153D02BA99E00009C4A48 /* Base */; };
/* End PBXBuildFile section */

/* Begin PBXFileReference section */
		591153C12BA99DFF009C4A48 /* CheckCalorie.app */ = {isa = PBXFileReference; explicitFileType = wrapper.application; includeInIndex = 0; path = CheckCalorie.app; sourceTree = BUILT_PRODUCTS_DIR; };
		591153C42BA99DFF009C4A48 /* AppDelegate.swift */ = {isa = PBXFileReference; lastKnownFileType = sourcecode.swift; path = AppDelegate.swift; sourceTree = "<group>"; };
		591153C62BA99DFF009C4A48 /* SceneDelegate.swift */ = {isa = PBXFileReference; lastKnownFileType = sourcecode.swift; path = SceneDelegate.swift; sourceTree = "<group>"; };
		591153C82BA99DFF009C4A48 /* HomeView.swift */ = {isa = PBXFileReference; lastKnownFileType = sourcecode.swift; path = HomeView.swift; sourceTree = "<group>"; };
		591153CB2BA99DFF009C4A48 /* Base */ = {isa = PBXFileReference; lastKnownFileType = file.storyboard; name = Base; path = Base.lproj/Main.storyboard; sourceTree = "<group>"; };
		591153CD2BA99E00009C4A48 /* Assets.xcassets */ = {isa = PBXFileReference; lastKnownFileType = folder.assetcatalog; path = Assets.xcassets; sourceTree = "<group>"; };
		591153D02BA99E00009C4A48 /* Base */ = {isa = PBXFileReference; lastKnownFileType = file.storyboard; name = Base; path = Base.lproj/LaunchScreen.storyboard; sourceTree = "<group>"; };
		591153D22BA99E00009C4A48 /* Info.plist */ = {isa = PBXFileReference; lastKnownFileType = text.plist.xml; path = Info.plist; sourceTree = "<group>"; };
/* End PBXFileReference section */

/* Begin PBXFrameworksBuildPhase section */
		591153BE2BA99DFF009C4A48 /* Frameworks */ = {
			isa = PBXFrameworksBuildPhase;
			buildActionMask = 2147483647;
			files = (
			);
			runOnlyForDeploymentPostprocessing = 0;
		};
/* End PBXFrameworksBuildPhase section */

/* Begin PBXGroup section */
		591153B82BA99DFF009C4A48 = {
			isa = PBXGroup;
			children = (
				591153C32BA99DFF009C4A48 /* CheckCalorie */,
				591153C22BA99DFF009C4A48 /* Products */,
			);
			sourceTree = "<group>";
		};
		591153C22BA99DFF009C4A48 /* Products */ = {
			isa = PBXGroup;
			children = (
				591153C12BA99DFF009C4A48 /* CheckCalorie.app */,
			);
			name = Products;
			sourceTree = "<group>";
		};
		591153C32BA99DFF009C4A48 /* CheckCalorie */ = {
			isa = PBXGroup;
			children = (
				591153CA2BA99DFF009C4A48 /* Main.storyboard */,
				591153D82BA99E12009C4A48 /* App */,
				591153D92BA99E16009C4A48 /* Scene */,
				591153DB2BA99E1D009C4A48 /* Support */,
				591153DA2BA99E19009C4A48 /* Resources */,
			);
			path = CheckCalorie;
			sourceTree = "<group>";
		};
		591153D82BA99E12009C4A48 /* App */ = {
			isa = PBXGroup;
			children = (
				591153C42BA99DFF009C4A48 /* AppDelegate.swift */,
				591153C62BA99DFF009C4A48 /* SceneDelegate.swift */,
			);
			path = App;
			sourceTree = "<group>";
		};
		591153D92BA99E16009C4A48 /* Scene */ = {
			isa = PBXGroup;
			children = (
				591153DC2BA9A222009C4A48 /* Home */,
			);
			path = Scene;
			sourceTree = "<group>";
		};
		591153DA2BA99E19009C4A48 /* Resources */ = {
			isa = PBXGroup;
			children = (
				591153CD2BA99E00009C4A48 /* Assets.xcassets */,
				591153CF2BA99E00009C4A48 /* LaunchScreen.storyboard */,
			);
			path = Resources;
			sourceTree = "<group>";
		};
		591153DB2BA99E1D009C4A48 /* Support */ = {
			isa = PBXGroup;
			children = (
				591153D22BA99E00009C4A48 /* Info.plist */,
			);
			path = Support;
			sourceTree = "<group>";
		};
		591153DC2BA9A222009C4A48 /* Home */ = {
			isa = PBXGroup;
			children = (
				591153DD2BA9A231009C4A48 /* View */,
			);
			path = Home;
			sourceTree = "<group>";
		};
		591153DD2BA9A231009C4A48 /* View */ = {
			isa = PBXGroup;
			children = (
				591153C82BA99DFF009C4A48 /* HomeView.swift */,
			);
			path = View;
			sourceTree = "<group>";
		};
/* End PBXGroup section */

/* Begin PBXNativeTarget section */
		591153C02BA99DFF009C4A48 /* CheckCalorie */ = {
			isa = PBXNativeTarget;
			buildConfigurationList = 591153D52BA99E00009C4A48 /* Build configuration list for PBXNativeTarget "CheckCalorie" */;
			buildPhases = (
				591153BD2BA99DFF009C4A48 /* Sources */,
				591153BE2BA99DFF009C4A48 /* Frameworks */,
				591153BF2BA99DFF009C4A48 /* Resources */,
			);
			buildRules = (
			);
			dependencies = (
			);
			name = CheckCalorie;
			productName = CheckCalorie;
			productReference = 591153C12BA99DFF009C4A48 /* CheckCalorie.app */;
			productType = "com.apple.product-type.application";
		};
/* End PBXNativeTarget section */

/* Begin PBXProject section */
		591153B92BA99DFF009C4A48 /* Project object */ = {
			isa = PBXProject;
			attributes = {
				BuildIndependentTargetsInParallel = 1;
				LastSwiftUpdateCheck = 1530;
				LastUpgradeCheck = 1530;
				TargetAttributes = {
					591153C02BA99DFF009C4A48 = {
						CreatedOnToolsVersion = 15.3;
					};
				};
			};
			buildConfigurationList = 591153BC2BA99DFF009C4A48 /* Build configuration list for PBXProject "CheckCalorie" */;
			compatibilityVersion = "Xcode 14.0";
			developmentRegion = en;
			hasScannedForEncodings = 0;
			knownRegions = (
				en,
				Base,
			);
			mainGroup = 591153B82BA99DFF009C4A48;
			productRefGroup = 591153C22BA99DFF009C4A48 /* Products */;
			projectDirPath = "";
			projectRoot = "";
			targets = (
				591153C02BA99DFF009C4A48 /* CheckCalorie */,
			);
		};
/* End PBXProject section */

/* Begin PBXResourcesBuildPhase section */
		591153BF2BA99DFF009C4A48 /* Resources */ = {
			isa = PBXResourcesBuildPhase;
			buildActionMask = 2147483647;
			files = (
				591153CE2BA99E00009C4A48 /* Assets.xcassets in Resources */,
				591153D12BA99E00009C4A48 /* Base in Resources */,
				591153CC2BA99DFF009C4A48 /* Base in Resources */,
			);
			runOnlyForDeploymentPostprocessing = 0;
		};
/* End PBXResourcesBuildPhase section */

/* Begin PBXSourcesBuildPhase section */
		591153BD2BA99DFF009C4A48 /* Sources */ = {
			isa = PBXSourcesBuildPhase;
			buildActionMask = 2147483647;
			files = (
				591153C92BA99DFF009C4A48 /* HomeView.swift in Sources */,
				591153C52BA99DFF009C4A48 /* AppDelegate.swift in Sources */,
				591153C72BA99DFF009C4A48 /* SceneDelegate.swift in Sources */,
			);
			runOnlyForDeploymentPostprocessing = 0;
		};
/* End PBXSourcesBuildPhase section */

/* Begin PBXVariantGroup section */
		591153CA2BA99DFF009C4A48 /* Main.storyboard */ = {
			isa = PBXVariantGroup;
			children = (
				591153CB2BA99DFF009C4A48 /* Base */,
			);
			name = Main.storyboard;
			sourceTree = "<group>";
		};
		591153CF2BA99E00009C4A48 /* LaunchScreen.storyboard */ = {
			isa = PBXVariantGroup;
			children = (
				591153D02BA99E00009C4A48 /* Base */,
			);
			name = LaunchScreen.storyboard;
			sourceTree = "<group>";
		};
/* End PBXVariantGroup section */

/* Begin XCBuildConfiguration section */
		591153D32BA99E00009C4A48 /* Debug */ = {
			isa = XCBuildConfiguration;
			buildSettings = {
				ALWAYS_SEARCH_USER_PATHS = NO;
				ASSETCATALOG_COMPILER_GENERATE_SWIFT_ASSET_SYMBOL_EXTENSIONS = YES;
				CLANG_ANALYZER_NONNULL = YES;
				CLANG_ANALYZER_NUMBER_OBJECT_CONVERSION = YES_AGGRESSIVE;
				CLANG_CXX_LANGUAGE_STANDARD = "gnu++20";
				CLANG_ENABLE_MODULES = YES;
				CLANG_ENABLE_OBJC_ARC = YES;
				CLANG_ENABLE_OBJC_WEAK = YES;
				CLANG_WARN_BLOCK_CAPTURE_AUTORELEASING = YES;
				CLANG_WARN_BOOL_CONVERSION = YES;
				CLANG_WARN_COMMA = YES;
				CLANG_WARN_CONSTANT_CONVERSION = YES;
				CLANG_WARN_DEPRECATED_OBJC_IMPLEMENTATIONS = YES;
				CLANG_WARN_DIRECT_OBJC_ISA_USAGE = YES_ERROR;
				CLANG_WARN_DOCUMENTATION_COMMENTS = YES;
				CLANG_WARN_EMPTY_BODY = YES;
				CLANG_WARN_ENUM_CONVERSION = YES;
				CLANG_WARN_INFINITE_RECURSION = YES;
				CLANG_WARN_INT_CONVERSION = YES;
				CLANG_WARN_NON_LITERAL_NULL_CONVERSION = YES;
				CLANG_WARN_OBJC_IMPLICIT_RETAIN_SELF = YES;
				CLANG_WARN_OBJC_LITERAL_CONVERSION = YES;
				CLANG_WARN_OBJC_ROOT_CLASS = YES_ERROR;
				CLANG_WARN_QUOTED_INCLUDE_IN_FRAMEWORK_HEADER = YES;
				CLANG_WARN_RANGE_LOOP_ANALYSIS = YES;
				CLANG_WARN_STRICT_PROTOTYPES = YES;
				CLANG_WARN_SUSPICIOUS_MOVE = YES;
				CLANG_WARN_UNGUARDED_AVAILABILITY = YES_AGGRESSIVE;
				CLANG_WARN_UNREACHABLE_CODE = YES;
				CLANG_WARN__DUPLICATE_METHOD_MATCH = YES;
				COPY_PHASE_STRIP = NO;
				DEBUG_INFORMATION_FORMAT = dwarf;
				ENABLE_STRICT_OBJC_MSGSEND = YES;
				ENABLE_TESTABILITY = YES;
				ENABLE_USER_SCRIPT_SANDBOXING = YES;
				GCC_C_LANGUAGE_STANDARD = gnu17;
				GCC_DYNAMIC_NO_PIC = NO;
				GCC_NO_COMMON_BLOCKS = YES;
				GCC_OPTIMIZATION_LEVEL = 0;
				GCC_PREPROCESSOR_DEFINITIONS = (
					"DEBUG=1",
					"$(inherited)",
				);
				GCC_WARN_64_TO_32_BIT_CONVERSION = YES;
				GCC_WARN_ABOUT_RETURN_TYPE = YES_ERROR;
				GCC_WARN_UNDECLARED_SELECTOR = YES;
				GCC_WARN_UNINITIALIZED_AUTOS = YES_AGGRESSIVE;
				GCC_WARN_UNUSED_FUNCTION = YES;
				GCC_WARN_UNUSED_VARIABLE = YES;
				IPHONEOS_DEPLOYMENT_TARGET = 17.4;
				LOCALIZATION_PREFERS_STRING_CATALOGS = YES;
				MTL_ENABLE_DEBUG_INFO = INCLUDE_SOURCE;
				MTL_FAST_MATH = YES;
				ONLY_ACTIVE_ARCH = YES;
				SDKROOT = iphoneos;
				SWIFT_ACTIVE_COMPILATION_CONDITIONS = "DEBUG $(inherited)";
				SWIFT_OPTIMIZATION_LEVEL = "-Onone";
			};
			name = Debug;
		};
		591153D42BA99E00009C4A48 /* Release */ = {
			isa = XCBuildConfiguration;
			buildSettings = {
				ALWAYS_SEARCH_USER_PATHS = NO;
				ASSETCATALOG_COMPILER_GENERATE_SWIFT_ASSET_SYMBOL_EXTENSIONS = YES;
				CLANG_ANALYZER_NONNULL = YES;
				CLANG_ANALYZER_NUMBER_OBJECT_CONVERSION = YES_AGGRESSIVE;
				CLANG_CXX_LANGUAGE_STANDARD = "gnu++20";
				CLANG_ENABLE_MODULES = YES;
				CLANG_ENABLE_OBJC_ARC = YES;
				CLANG_ENABLE_OBJC_WEAK = YES;
				CLANG_WARN_BLOCK_CAPTURE_AUTORELEASING = YES;
				CLANG_WARN_BOOL_CONVERSION = YES;
				CLANG_WARN_COMMA = YES;
				CLANG_WARN_CONSTANT_CONVERSION = YES;
				CLANG_WARN_DEPRECATED_OBJC_IMPLEMENTATIONS = YES;
				CLANG_WARN_DIRECT_OBJC_ISA_USAGE = YES_ERROR;
				CLANG_WARN_DOCUMENTATION_COMMENTS = YES;
				CLANG_WARN_EMPTY_BODY = YES;
				CLANG_WARN_ENUM_CONVERSION = YES;
				CLANG_WARN_INFINITE_RECURSION = YES;
				CLANG_WARN_INT_CONVERSION = YES;
				CLANG_WARN_NON_LITERAL_NULL_CONVERSION = YES;
				CLANG_WARN_OBJC_IMPLICIT_RETAIN_SELF = YES;
				CLANG_WARN_OBJC_LITERAL_CONVERSION = YES;
				CLANG_WARN_OBJC_ROOT_CLASS = YES_ERROR;
				CLANG_WARN_QUOTED_INCLUDE_IN_FRAMEWORK_HEADER = YES;
				CLANG_WARN_RANGE_LOOP_ANALYSIS = YES;
				CLANG_WARN_STRICT_PROTOTYPES = YES;
				CLANG_WARN_SUSPICIOUS_MOVE = YES;
				CLANG_WARN_UNGUARDED_AVAILABILITY = YES_AGGRESSIVE;
				CLANG_WARN_UNREACHABLE_CODE = YES;
				CLANG_WARN__DUPLICATE_METHOD_MATCH = YES;
				COPY_PHASE_STRIP = NO;
				DEBUG_INFORMATION_FORMAT = "dwarf-with-dsym";
				ENABLE_NS_ASSERTIONS = NO;
				ENABLE_STRICT_OBJC_MSGSEND = YES;
				ENABLE_USER_SCRIPT_SANDBOXING = YES;
				GCC_C_LANGUAGE_STANDARD = gnu17;
				GCC_NO_COMMON_BLOCKS = YES;
				GCC_WARN_64_TO_32_BIT_CONVERSION = YES;
				GCC_WARN_ABOUT_RETURN_TYPE = YES_ERROR;
				GCC_WARN_UNDECLARED_SELECTOR = YES;
				GCC_WARN_UNINITIALIZED_AUTOS = YES_AGGRESSIVE;
				GCC_WARN_UNUSED_FUNCTION = YES;
				GCC_WARN_UNUSED_VARIABLE = YES;
				IPHONEOS_DEPLOYMENT_TARGET = 17.4;
				LOCALIZATION_PREFERS_STRING_CATALOGS = YES;
				MTL_ENABLE_DEBUG_INFO = NO;
				MTL_FAST_MATH = YES;
				SDKROOT = iphoneos;
				SWIFT_COMPILATION_MODE = wholemodule;
				VALIDATE_PRODUCT = YES;
			};
			name = Release;
		};
		591153D62BA99E00009C4A48 /* Debug */ = {
			isa = XCBuildConfiguration;
			buildSettings = {
				ASSETCATALOG_COMPILER_APPICON_NAME = AppIcon;
				ASSETCATALOG_COMPILER_GLOBAL_ACCENT_COLOR_NAME = AccentColor;
				CODE_SIGN_STYLE = Automatic;
				CURRENT_PROJECT_VERSION = 1;
				DEVELOPMENT_TEAM = 7K8W77R2SX;
				GENERATE_INFOPLIST_FILE = YES;
				INFOPLIST_FILE = CheckCalorie/Support/Info.plist;
				INFOPLIST_KEY_UIApplicationSupportsIndirectInputEvents = YES;
				INFOPLIST_KEY_UILaunchStoryboardName = LaunchScreen;
				INFOPLIST_KEY_UIMainStoryboardFile = Main;
				INFOPLIST_KEY_UISupportedInterfaceOrientations = UIInterfaceOrientationPortrait;
				IPHONEOS_DEPLOYMENT_TARGET = 13.0;
				LD_RUNPATH_SEARCH_PATHS = (
					"$(inherited)",
					"@executable_path/Frameworks",
				);
				MARKETING_VERSION = 1.0;
				PRODUCT_BUNDLE_IDENTIFIER = com.trcarge.CheckCalorie;
				PRODUCT_NAME = "$(TARGET_NAME)";
				SUPPORTED_PLATFORMS = "iphoneos iphonesimulator";
				SUPPORTS_MACCATALYST = NO;
				SUPPORTS_MAC_DESIGNED_FOR_IPHONE_IPAD = NO;
				SUPPORTS_XR_DESIGNED_FOR_IPHONE_IPAD = NO;
				SWIFT_EMIT_LOC_STRINGS = YES;
				SWIFT_VERSION = 5.0;
				TARGETED_DEVICE_FAMILY = "1,2";
			};
			name = Debug;
		};
		591153D72BA99E00009C4A48 /* Release */ = {
			isa = XCBuildConfiguration;
			buildSettings = {
				ASSETCATALOG_COMPILER_APPICON_NAME = AppIcon;
				ASSETCATALOG_COMPILER_GLOBAL_ACCENT_COLOR_NAME = AccentColor;
				CODE_SIGN_STYLE = Automatic;
				CURRENT_PROJECT_VERSION = 1;
				DEVELOPMENT_TEAM = 7K8W77R2SX;
				GENERATE_INFOPLIST_FILE = YES;
				INFOPLIST_FILE = CheckCalorie/Support/Info.plist;
				INFOPLIST_KEY_UIApplicationSupportsIndirectInputEvents = YES;
				INFOPLIST_KEY_UILaunchStoryboardName = LaunchScreen;
				INFOPLIST_KEY_UIMainStoryboardFile = Main;
				INFOPLIST_KEY_UISupportedInterfaceOrientations = UIInterfaceOrientationPortrait;
				IPHONEOS_DEPLOYMENT_TARGET = 13.0;
				LD_RUNPATH_SEARCH_PATHS = (
					"$(inherited)",
					"@executable_path/Frameworks",
				);
				MARKETING_VERSION = 1.0;
				PRODUCT_BUNDLE_IDENTIFIER = com.trcarge.CheckCalorie;
				PRODUCT_NAME = "$(TARGET_NAME)";
				SUPPORTED_PLATFORMS = "iphoneos iphonesimulator";
				SUPPORTS_MACCATALYST = NO;
				SUPPORTS_MAC_DESIGNED_FOR_IPHONE_IPAD = NO;
				SUPPORTS_XR_DESIGNED_FOR_IPHONE_IPAD = NO;
				SWIFT_EMIT_LOC_STRINGS = YES;
				SWIFT_VERSION = 5.0;
				TARGETED_DEVICE_FAMILY = "1,2";
			};
			name = Release;
		};
/* End XCBuildConfiguration section */

/* Begin XCConfigurationList section */
		591153BC2BA99DFF009C4A48 /* Build configuration list for PBXProject "CheckCalorie" */ = {
			isa = XCConfigurationList;
			buildConfigurations = (
				591153D32BA99E00009C4A48 /* Debug */,
				591153D42BA99E00009C4A48 /* Release */,
			);
			defaultConfigurationIsVisible = 0;
			defaultConfigurationName = Release;
		};
		591153D52BA99E00009C4A48 /* Build configuration list for PBXNativeTarget "CheckCalorie" */ = {
			isa = XCConfigurationList;
			buildConfigurations = (
				591153D62BA99E00009C4A48 /* Debug */,
				591153D72BA99E00009C4A48 /* Release */,
			);
			defaultConfigurationIsVisible = 0;
			defaultConfigurationName = Release;
		};
/* End XCConfigurationList section */
	};
	rootObject = 591153B92BA99DFF009C4A48 /* Project object */;
}
